# This file is automatically @generated by Poetry and should not be changed by hand.

[[package]]
name = "openaiauth"
version = "0.2.0"
description = "OpenAI Authentication Reverse Engineered"
category = "main"
optional = false
python-versions = "*"
files = [
    {file = "OpenAIAuth-0.2.0-py3-none-any.whl", hash = "sha256:110da9c4daec0af3749889dd09ca9871dd0659c730229d8be723a55f73c0346c"},
    {file = "OpenAIAuth-0.2.0.tar.gz", hash = "sha256:be82728114da370beba26011d628a7c2afb5d47d7932772ac8a327ae2c5b6a79"},
]

[package.dependencies]
tls-client = "*"

[[package]]
name = "tls-client"
version = "0.1.8"
description = "Advanced Python HTTP Client."
category = "main"
optional = false
python-versions = "*"
files = [
    {file = "tls_client-0.1.8-py3-none-any.whl", hash = "sha256:3c0022997b2ca4e9d7907ac2a2265dae65961f497cc69702784a15f736178311"},
    {file = "tls_client-0.1.8.tar.gz", hash = "sha256:38b2ead2a04dd0c88ac9ce9a47dd72f48a4b03d9180804c389cba887e91494ef"},
]

[metadata]
lock-version = "2.0"
python-versions = "^3.8"
content-hash = "e570f432ad142dfb8373b04deceda1bdce6b9bf9d39ec6bfe8f15f1b94cd7de7"
